
Microsoft Visual Studio Solution File, Format Version 12.00
# Visual Studio Version 17
VisualStudioVersion = 17.6.33829.357
MinimumVisualStudioVersion = 10.0.40219.1
Project("{FAE04EC0-301F-11D3-BF4B-00C04F79EFBC}") = "Task1", "Task1\Task1.csproj", "{16BD5AE1-77B7-4278-8671-B327B453FBFD}"
EndProject
Global
	GlobalSection(SolutionConfigurationPlatforms) = preSolution
		Debug|Any CPU = Debug|Any CPU
		Release|Any CPU = Release|Any CPU
	EndGlobalSection
	GlobalSection(ProjectConfigurationPlatforms) = postSolution
		{16BD5AE1-77B7-4278-8671-B327B453FBFD}.Debug|Any CPU.ActiveCfg = Debug|Any CPU
		{16BD5AE1-77B7-4278-8671-B327B453FBFD}.Debug|Any CPU.Build.0 = Debug|Any CPU
		{16BD5AE1-77B7-4278-8671-B327B453FBFD}.Release|Any CPU.ActiveCfg = Release|Any CPU
		{16BD5AE1-77B7-4278-8671-B327B453FBFD}.Release|Any CPU.Build.0 = Release|Any CPU
	EndGlobalSection
	GlobalSection(SolutionProperties) = preSolution
		HideSolutionNode = FALSE
	EndGlobalSection
	GlobalSection(ExtensibilityGlobals) = postSolution
		SolutionGuid = {2C2B936B-FD5D-47A9-8BB1-AA062C01270B}
	EndGlobalSection
EndGlobal
